
Microsoft Visual Studio Solution File, Format Version 12.00
# Visual Studio Version 16
VisualStudioVersion = 16.0.31515.178
MinimumVisualStudioVersion = 10.0.40219.1
Project("{FAE04EC0-301F-11D3-BF4B-00C04F79EFBC}") = "Car List Winform", "Car List Winform\Car List Winform.csproj", "{3430B915-9906-4886-A4A7-EFA8EDD39F92}"
EndProject
Global
	GlobalSection(SolutionConfigurationPlatforms) = preSolution
		Debug|Any CPU = Debug|Any CPU
		Release|Any CPU = Release|Any CPU
	EndGlobalSection
	GlobalSection(ProjectConfigurationPlatforms) = postSolution
		{3430B915-9906-4886-A4A7-EFA8EDD39F92}.Debug|Any CPU.ActiveCfg = Debug|Any CPU
		{3430B915-9906-4886-A4A7-EFA8EDD39F92}.Debug|Any CPU.Build.0 = Debug|Any CPU
		{3430B915-9906-4886-A4A7-EFA8EDD39F92}.Release|Any CPU.ActiveCfg = Release|Any CPU
		{3430B915-9906-4886-A4A7-EFA8EDD39F92}.Release|Any CPU.Build.0 = Release|Any CPU
	EndGlobalSection
	GlobalSection(SolutionProperties) = preSolution
		HideSolutionNode = FALSE
	EndGlobalSection
	GlobalSection(ExtensibilityGlobals) = postSolution
		SolutionGuid = {B5105CD4-66C6-47A1-BEC1-DE2C157441B2}
	EndGlobalSection
EndGlobal
